// !$*UTF8*$!
{
	archiveVersion = 1;
	classes = {
	};
	objectVersion = 56;
	objects = {

/* Begin PBXBuildFile section */
		4C13DD4929415F1300C8786C /* Timer.swift in Sources */ = {isa = PBXBuildFile; fileRef = 4C13DD4829415F1300C8786C /* Timer.swift */; };
		4C13DD4B2941622B00C8786C /* InterruptController.swift in Sources */ = {isa = PBXBuildFile; fileRef = 4C13DD4A2941622B00C8786C /* InterruptController.swift */; };
		4C13DD4D294168B900C8786C /* SwiftBoy.swift in Sources */ = {isa = PBXBuildFile; fileRef = 4C13DD4C294168B900C8786C /* SwiftBoy.swift */; };
		4C13DD4F29416BD800C8786C /* Utility.swift in Sources */ = {isa = PBXBuildFile; fileRef = 4C13DD4E29416BD800C8786C /* Utility.swift */; };
		4C318A8329455292006F9377 /* CartridgeHelper.swift in Sources */ = {isa = PBXBuildFile; fileRef = 4C318A8229455292006F9377 /* CartridgeHelper.swift */; };
		4C318A8529455B84006F9377 /* Cartridge.swift in Sources */ = {isa = PBXBuildFile; fileRef = 4C318A8429455B84006F9377 /* Cartridge.swift */; };
		4C318A8829456141006F9377 /* NoMapper.swift in Sources */ = {isa = PBXBuildFile; fileRef = 4C318A8729456141006F9377 /* NoMapper.swift */; };
		4C318A8A29467265006F9377 /* MBC1.swift in Sources */ = {isa = PBXBuildFile; fileRef = 4C318A8929467265006F9377 /* MBC1.swift */; };
		4C318A8C2946B272006F9377 /* PPU.swift in Sources */ = {isa = PBXBuildFile; fileRef = 4C318A8B2946B272006F9377 /* PPU.swift */; };
		4C35B941293C263800D4EEA0 /* Swift_BoyApp.swift in Sources */ = {isa = PBXBuildFile; fileRef = 4C35B940293C263800D4EEA0 /* Swift_BoyApp.swift */; };
		4C35B943293C263800D4EEA0 /* ContentView.swift in Sources */ = {isa = PBXBuildFile; fileRef = 4C35B942293C263800D4EEA0 /* ContentView.swift */; };
		4C35B945293C263900D4EEA0 /* Assets.xcassets in Resources */ = {isa = PBXBuildFile; fileRef = 4C35B944293C263900D4EEA0 /* Assets.xcassets */; };
		4C35B948293C263900D4EEA0 /* Preview Assets.xcassets in Resources */ = {isa = PBXBuildFile; fileRef = 4C35B947293C263900D4EEA0 /* Preview Assets.xcassets */; };
		4C35B952293C291600D4EEA0 /* CPU.swift in Sources */ = {isa = PBXBuildFile; fileRef = 4C35B951293C291600D4EEA0 /* CPU.swift */; };
		4C35B954293C2AEF00D4EEA0 /* Memory.swift in Sources */ = {isa = PBXBuildFile; fileRef = 4C35B953293C2AEF00D4EEA0 /* Memory.swift */; };
		4C4A820D295002D300D0ECBE /* Joypad.swift in Sources */ = {isa = PBXBuildFile; fileRef = 4C4A820C295002D300D0ECBE /* Joypad.swift */; };
		4C92EA14294D52F800412D30 /* DMAController.swift in Sources */ = {isa = PBXBuildFile; fileRef = 4C92EA13294D52F800412D30 /* DMAController.swift */; };
/* End PBXBuildFile section */

/* Begin PBXFileReference section */
		4C13DD4829415F1300C8786C /* Timer.swift */ = {isa = PBXFileReference; lastKnownFileType = sourcecode.swift; path = Timer.swift; sourceTree = "<group>"; };
		4C13DD4A2941622B00C8786C /* InterruptController.swift */ = {isa = PBXFileReference; lastKnownFileType = sourcecode.swift; path = InterruptController.swift; sourceTree = "<group>"; };
		4C13DD4C294168B900C8786C /* SwiftBoy.swift */ = {isa = PBXFileReference; lastKnownFileType = sourcecode.swift; path = SwiftBoy.swift; sourceTree = "<group>"; };
		4C13DD4E29416BD800C8786C /* Utility.swift */ = {isa = PBXFileReference; lastKnownFileType = sourcecode.swift; path = Utility.swift; sourceTree = "<group>"; };
		4C318A8229455292006F9377 /* CartridgeHelper.swift */ = {isa = PBXFileReference; lastKnownFileType = sourcecode.swift; path = CartridgeHelper.swift; sourceTree = "<group>"; };
		4C318A8429455B84006F9377 /* Cartridge.swift */ = {isa = PBXFileReference; lastKnownFileType = sourcecode.swift; path = Cartridge.swift; sourceTree = "<group>"; };
		4C318A8729456141006F9377 /* NoMapper.swift */ = {isa = PBXFileReference; lastKnownFileType = sourcecode.swift; path = NoMapper.swift; sourceTree = "<group>"; };
		4C318A8929467265006F9377 /* MBC1.swift */ = {isa = PBXFileReference; fileEncoding = 4; lastKnownFileType = sourcecode.swift; path = MBC1.swift; sourceTree = "<group>"; };
		4C318A8B2946B272006F9377 /* PPU.swift */ = {isa = PBXFileReference; lastKnownFileType = sourcecode.swift; path = PPU.swift; sourceTree = "<group>"; };
		4C35B93D293C263800D4EEA0 /* Swift Boy.app */ = {isa = PBXFileReference; explicitFileType = wrapper.application; includeInIndex = 0; path = "Swift Boy.app"; sourceTree = BUILT_PRODUCTS_DIR; };
		4C35B940293C263800D4EEA0 /* Swift_BoyApp.swift */ = {isa = PBXFileReference; lastKnownFileType = sourcecode.swift; path = Swift_BoyApp.swift; sourceTree = "<group>"; };
		4C35B942293C263800D4EEA0 /* ContentView.swift */ = {isa = PBXFileReference; lastKnownFileType = sourcecode.swift; path = ContentView.swift; sourceTree = "<group>"; };
		4C35B944293C263900D4EEA0 /* Assets.xcassets */ = {isa = PBXFileReference; lastKnownFileType = folder.assetcatalog; path = Assets.xcassets; sourceTree = "<group>"; };
		4C35B947293C263900D4EEA0 /* Preview Assets.xcassets */ = {isa = PBXFileReference; lastKnownFileType = folder.assetcatalog; path = "Preview Assets.xcassets"; sourceTree = "<group>"; };
		4C35B949293C263900D4EEA0 /* Swift_Boy.entitlements */ = {isa = PBXFileReference; lastKnownFileType = text.plist.entitlements; path = Swift_Boy.entitlements; sourceTree = "<group>"; };
		4C35B94F293C26B500D4EEA0 /* README.md */ = {isa = PBXFileReference; lastKnownFileType = net.daringfireball.markdown; path = README.md; sourceTree = "<group>"; };
		4C35B951293C291600D4EEA0 /* CPU.swift */ = {isa = PBXFileReference; lastKnownFileType = sourcecode.swift; path = CPU.swift; sourceTree = "<group>"; };
		4C35B953293C2AEF00D4EEA0 /* Memory.swift */ = {isa = PBXFileReference; lastKnownFileType = sourcecode.swift; path = Memory.swift; sourceTree = "<group>"; };
		4C4A820C295002D300D0ECBE /* Joypad.swift */ = {isa = PBXFileReference; lastKnownFileType = sourcecode.swift; path = Joypad.swift; sourceTree = "<group>"; };
		4C92EA13294D52F800412D30 /* DMAController.swift */ = {isa = PBXFileReference; lastKnownFileType = sourcecode.swift; path = DMAController.swift; sourceTree = "<group>"; };
/* End PBXFileReference section */

/* Begin PBXFrameworksBuildPhase section */
		4C35B93A293C263800D4EEA0 /* Frameworks */ = {
			isa = PBXFrameworksBuildPhase;
			buildActionMask = 2147483647;
			files = (
			);
			runOnlyForDeploymentPostprocessing = 0;
		};
/* End PBXFrameworksBuildPhase section */

/* Begin PBXGroup section */
		4C318A8629455C3F006F9377 /* Mappers */ = {
			isa = PBXGroup;
			children = (
				4C318A8429455B84006F9377 /* Cartridge.swift */,
				4C318A8929467265006F9377 /* MBC1.swift */,
				4C318A8729456141006F9377 /* NoMapper.swift */,
			);
			path = Mappers;
			sourceTree = "<group>";
		};
		4C35B934293C263800D4EEA0 = {
			isa = PBXGroup;
			children = (
				4C35B94F293C26B500D4EEA0 /* README.md */,
				4C35B93F293C263800D4EEA0 /* Swift Boy */,
				4C35B93E293C263800D4EEA0 /* Products */,
			);
			sourceTree = "<group>";
		};
		4C35B93E293C263800D4EEA0 /* Products */ = {
			isa = PBXGroup;
			children = (
				4C35B93D293C263800D4EEA0 /* Swift Boy.app */,
			);
			name = Products;
			sourceTree = "<group>";
		};
		4C35B93F293C263800D4EEA0 /* Swift Boy */ = {
			isa = PBXGroup;
			children = (
				4C35B950293C290900D4EEA0 /* System */,
				4C35B940293C263800D4EEA0 /* Swift_BoyApp.swift */,
				4C35B942293C263800D4EEA0 /* ContentView.swift */,
				4C35B944293C263900D4EEA0 /* Assets.xcassets */,
				4C35B949293C263900D4EEA0 /* Swift_Boy.entitlements */,
				4C35B946293C263900D4EEA0 /* Preview Content */,
			);
			path = "Swift Boy";
			sourceTree = "<group>";
		};
		4C35B946293C263900D4EEA0 /* Preview Content */ = {
			isa = PBXGroup;
			children = (
				4C35B947293C263900D4EEA0 /* Preview Assets.xcassets */,
			);
			path = "Preview Content";
			sourceTree = "<group>";
		};
		4C35B950293C290900D4EEA0 /* System */ = {
			isa = PBXGroup;
			children = (
				4C318A8629455C3F006F9377 /* Mappers */,
				4C318A8229455292006F9377 /* CartridgeHelper.swift */,
				4C35B951293C291600D4EEA0 /* CPU.swift */,
				4C13DD4A2941622B00C8786C /* InterruptController.swift */,
				4C35B953293C2AEF00D4EEA0 /* Memory.swift */,
				4C13DD4C294168B900C8786C /* SwiftBoy.swift */,
				4C13DD4829415F1300C8786C /* Timer.swift */,
				4C4A820C295002D300D0ECBE /* Joypad.swift */,
				4C13DD4E29416BD800C8786C /* Utility.swift */,
				4C318A8B2946B272006F9377 /* PPU.swift */,
				4C92EA13294D52F800412D30 /* DMAController.swift */,
			);
			path = System;
			sourceTree = "<group>";
		};
/* End PBXGroup section */

/* Begin PBXNativeTarget section */
		4C35B93C293C263800D4EEA0 /* Swift Boy */ = {
			isa = PBXNativeTarget;
			buildConfigurationList = 4C35B94C293C263900D4EEA0 /* Build configuration list for PBXNativeTarget "Swift Boy" */;
			buildPhases = (
				4C35B939293C263800D4EEA0 /* Sources */,
				4C35B93A293C263800D4EEA0 /* Frameworks */,
				4C35B93B293C263800D4EEA0 /* Resources */,
			);
			buildRules = (
			);
			dependencies = (
			);
			name = "Swift Boy";
			productName = "Swift Boy";
			productReference = 4C35B93D293C263800D4EEA0 /* Swift Boy.app */;
			productType = "com.apple.product-type.application";
		};
/* End PBXNativeTarget section */

/* Begin PBXProject section */
		4C35B935293C263800D4EEA0 /* Project object */ = {
			isa = PBXProject;
			attributes = {
				BuildIndependentTargetsInParallel = 1;
				LastSwiftUpdateCheck = 1410;
				LastUpgradeCheck = 1420;
				TargetAttributes = {
					4C35B93C293C263800D4EEA0 = {
						CreatedOnToolsVersion = 14.1;
					};
				};
			};
			buildConfigurationList = 4C35B938293C263800D4EEA0 /* Build configuration list for PBXProject "Swift Boy" */;
			compatibilityVersion = "Xcode 14.0";
			developmentRegion = en;
			hasScannedForEncodings = 0;
			knownRegions = (
				en,
				Base,
			);
			mainGroup = 4C35B934293C263800D4EEA0;
			productRefGroup = 4C35B93E293C263800D4EEA0 /* Products */;
			projectDirPath = "";
			projectRoot = "";
			targets = (
				4C35B93C293C263800D4EEA0 /* Swift Boy */,
			);
		};
/* End PBXProject section */

/* Begin PBXResourcesBuildPhase section */
		4C35B93B293C263800D4EEA0 /* Resources */ = {
			isa = PBXResourcesBuildPhase;
			buildActionMask = 2147483647;
			files = (
				4C35B948293C263900D4EEA0 /* Preview Assets.xcassets in Resources */,
				4C35B945293C263900D4EEA0 /* Assets.xcassets in Resources */,
			);
			runOnlyForDeploymentPostprocessing = 0;
		};
/* End PBXResourcesBuildPhase section */

/* Begin PBXSourcesBuildPhase section */
		4C35B939293C263800D4EEA0 /* Sources */ = {
			isa = PBXSourcesBuildPhase;
			buildActionMask = 2147483647;
			files = (
				4C13DD4D294168B900C8786C /* SwiftBoy.swift in Sources */,
				4C318A8829456141006F9377 /* NoMapper.swift in Sources */,
				4C35B954293C2AEF00D4EEA0 /* Memory.swift in Sources */,
				4C4A820D295002D300D0ECBE /* Joypad.swift in Sources */,
				4C318A8329455292006F9377 /* CartridgeHelper.swift in Sources */,
				4C13DD4F29416BD800C8786C /* Utility.swift in Sources */,
				4C318A8529455B84006F9377 /* Cartridge.swift in Sources */,
				4C92EA14294D52F800412D30 /* DMAController.swift in Sources */,
				4C35B943293C263800D4EEA0 /* ContentView.swift in Sources */,
				4C13DD4B2941622B00C8786C /* InterruptController.swift in Sources */,
				4C318A8A29467265006F9377 /* MBC1.swift in Sources */,
				4C318A8C2946B272006F9377 /* PPU.swift in Sources */,
				4C35B941293C263800D4EEA0 /* Swift_BoyApp.swift in Sources */,
				4C13DD4929415F1300C8786C /* Timer.swift in Sources */,
				4C35B952293C291600D4EEA0 /* CPU.swift in Sources */,
			);
			runOnlyForDeploymentPostprocessing = 0;
		};
/* End PBXSourcesBuildPhase section */

/* Begin XCBuildConfiguration section */
		4C35B94A293C263900D4EEA0 /* Debug */ = {
			isa = XCBuildConfiguration;
			buildSettings = {
				ALWAYS_SEARCH_USER_PATHS = NO;
				CLANG_ANALYZER_NONNULL = YES;
				CLANG_ANALYZER_NUMBER_OBJECT_CONVERSION = YES_AGGRESSIVE;
				CLANG_CXX_LANGUAGE_STANDARD = "gnu++20";
				CLANG_ENABLE_MODULES = YES;
				CLANG_ENABLE_OBJC_ARC = YES;
				CLANG_ENABLE_OBJC_WEAK = YES;
				CLANG_WARN_BLOCK_CAPTURE_AUTORELEASING = YES;
				CLANG_WARN_BOOL_CONVERSION = YES;
				CLANG_WARN_COMMA = YES;
				CLANG_WARN_CONSTANT_CONVERSION = YES;
				CLANG_WARN_DEPRECATED_OBJC_IMPLEMENTATIONS = YES;
				CLANG_WARN_DIRECT_OBJC_ISA_USAGE = YES_ERROR;
				CLANG_WARN_DOCUMENTATION_COMMENTS = YES;
				CLANG_WARN_EMPTY_BODY = YES;
				CLANG_WARN_ENUM_CONVERSION = YES;
				CLANG_WARN_INFINITE_RECURSION = YES;
				CLANG_WARN_INT_CONVERSION = YES;
				CLANG_WARN_NON_LITERAL_NULL_CONVERSION = YES;
				CLANG_WARN_OBJC_IMPLICIT_RETAIN_SELF = YES;
				CLANG_WARN_OBJC_LITERAL_CONVERSION = YES;
				CLANG_WARN_OBJC_ROOT_CLASS = YES_ERROR;
				CLANG_WARN_QUOTED_INCLUDE_IN_FRAMEWORK_HEADER = YES;
				CLANG_WARN_RANGE_LOOP_ANALYSIS = YES;
				CLANG_WARN_STRICT_PROTOTYPES = YES;
				CLANG_WARN_SUSPICIOUS_MOVE = YES;
				CLANG_WARN_UNGUARDED_AVAILABILITY = YES_AGGRESSIVE;
				CLANG_WARN_UNREACHABLE_CODE = YES;
				CLANG_WARN__DUPLICATE_METHOD_MATCH = YES;
				COPY_PHASE_STRIP = NO;
				DEAD_CODE_STRIPPING = YES;
				DEBUG_INFORMATION_FORMAT = dwarf;
				ENABLE_STRICT_OBJC_MSGSEND = YES;
				ENABLE_TESTABILITY = YES;
				GCC_C_LANGUAGE_STANDARD = gnu11;
				GCC_DYNAMIC_NO_PIC = NO;
				GCC_NO_COMMON_BLOCKS = YES;
				GCC_OPTIMIZATION_LEVEL = 0;
				GCC_PREPROCESSOR_DEFINITIONS = (
					"DEBUG=1",
					"$(inherited)",
				);
				GCC_WARN_64_TO_32_BIT_CONVERSION = YES;
				GCC_WARN_ABOUT_RETURN_TYPE = YES_ERROR;
				GCC_WARN_UNDECLARED_SELECTOR = YES;
				GCC_WARN_UNINITIALIZED_AUTOS = YES_AGGRESSIVE;
				GCC_WARN_UNUSED_FUNCTION = YES;
				GCC_WARN_UNUSED_VARIABLE = YES;
				MACOSX_DEPLOYMENT_TARGET = 13.0;
				MTL_ENABLE_DEBUG_INFO = INCLUDE_SOURCE;
				MTL_FAST_MATH = YES;
				ONLY_ACTIVE_ARCH = YES;
				SDKROOT = macosx;
				SWIFT_ACTIVE_COMPILATION_CONDITIONS = DEBUG;
				SWIFT_OPTIMIZATION_LEVEL = "-Onone";
			};
			name = Debug;
		};
		4C35B94B293C263900D4EEA0 /* Release */ = {
			isa = XCBuildConfiguration;
			buildSettings = {
				ALWAYS_SEARCH_USER_PATHS = NO;
				CLANG_ANALYZER_NONNULL = YES;
				CLANG_ANALYZER_NUMBER_OBJECT_CONVERSION = YES_AGGRESSIVE;
				CLANG_CXX_LANGUAGE_STANDARD = "gnu++20";
				CLANG_ENABLE_MODULES = YES;
				CLANG_ENABLE_OBJC_ARC = YES;
				CLANG_ENABLE_OBJC_WEAK = YES;
				CLANG_WARN_BLOCK_CAPTURE_AUTORELEASING = YES;
				CLANG_WARN_BOOL_CONVERSION = YES;
				CLANG_WARN_COMMA = YES;
				CLANG_WARN_CONSTANT_CONVERSION = YES;
				CLANG_WARN_DEPRECATED_OBJC_IMPLEMENTATIONS = YES;
				CLANG_WARN_DIRECT_OBJC_ISA_USAGE = YES_ERROR;
				CLANG_WARN_DOCUMENTATION_COMMENTS = YES;
				CLANG_WARN_EMPTY_BODY = YES;
				CLANG_WARN_ENUM_CONVERSION = YES;
				CLANG_WARN_INFINITE_RECURSION = YES;
				CLANG_WARN_INT_CONVERSION = YES;
				CLANG_WARN_NON_LITERAL_NULL_CONVERSION = YES;
				CLANG_WARN_OBJC_IMPLICIT_RETAIN_SELF = YES;
				CLANG_WARN_OBJC_LITERAL_CONVERSION = YES;
				CLANG_WARN_OBJC_ROOT_CLASS = YES_ERROR;
				CLANG_WARN_QUOTED_INCLUDE_IN_FRAMEWORK_HEADER = YES;
				CLANG_WARN_RANGE_LOOP_ANALYSIS = YES;
				CLANG_WARN_STRICT_PROTOTYPES = YES;
				CLANG_WARN_SUSPICIOUS_MOVE = YES;
				CLANG_WARN_UNGUARDED_AVAILABILITY = YES_AGGRESSIVE;
				CLANG_WARN_UNREACHABLE_CODE = YES;
				CLANG_WARN__DUPLICATE_METHOD_MATCH = YES;
				COPY_PHASE_STRIP = NO;
				DEAD_CODE_STRIPPING = YES;
				DEBUG_INFORMATION_FORMAT = "dwarf-with-dsym";
				ENABLE_NS_ASSERTIONS = NO;
				ENABLE_STRICT_OBJC_MSGSEND = YES;
				GCC_C_LANGUAGE_STANDARD = gnu11;
				GCC_NO_COMMON_BLOCKS = YES;
				GCC_WARN_64_TO_32_BIT_CONVERSION = YES;
				GCC_WARN_ABOUT_RETURN_TYPE = YES_ERROR;
				GCC_WARN_UNDECLARED_SELECTOR = YES;
				GCC_WARN_UNINITIALIZED_AUTOS = YES_AGGRESSIVE;
				GCC_WARN_UNUSED_FUNCTION = YES;
				GCC_WARN_UNUSED_VARIABLE = YES;
				MACOSX_DEPLOYMENT_TARGET = 13.0;
				MTL_ENABLE_DEBUG_INFO = NO;
				MTL_FAST_MATH = YES;
				SDKROOT = macosx;
				SWIFT_COMPILATION_MODE = wholemodule;
				SWIFT_OPTIMIZATION_LEVEL = "-O";
			};
			name = Release;
		};
		4C35B94D293C263900D4EEA0 /* Debug */ = {
			isa = XCBuildConfiguration;
			buildSettings = {
				ASSETCATALOG_COMPILER_APPICON_NAME = AppIcon;
				ASSETCATALOG_COMPILER_GLOBAL_ACCENT_COLOR_NAME = AccentColor;
				CODE_SIGN_ENTITLEMENTS = "Swift Boy/Swift_Boy.entitlements";
				CODE_SIGN_IDENTITY = "-";
				CODE_SIGN_STYLE = Automatic;
				COMBINE_HIDPI_IMAGES = YES;
				CURRENT_PROJECT_VERSION = 1;
				DEAD_CODE_STRIPPING = YES;
				DEVELOPMENT_ASSET_PATHS = "\"Swift Boy/Preview Content\"";
				ENABLE_PREVIEWS = YES;
				GENERATE_INFOPLIST_FILE = YES;
				INFOPLIST_KEY_NSHumanReadableCopyright = "";
				LD_RUNPATH_SEARCH_PATHS = (
					"$(inherited)",
					"@executable_path/../Frameworks",
				);
				MARKETING_VERSION = 1.0;
				PRODUCT_BUNDLE_IDENTIFIER = "com.foobarsoft.Swift-Boy";
				PRODUCT_NAME = "$(TARGET_NAME)";
				SWIFT_EMIT_LOC_STRINGS = YES;
				SWIFT_VERSION = 5.0;
			};
			name = Debug;
		};
		4C35B94E293C263900D4EEA0 /* Release */ = {
			isa = XCBuildConfiguration;
			buildSettings = {
				ASSETCATALOG_COMPILER_APPICON_NAME = AppIcon;
				ASSETCATALOG_COMPILER_GLOBAL_ACCENT_COLOR_NAME = AccentColor;
				CODE_SIGN_ENTITLEMENTS = "Swift Boy/Swift_Boy.entitlements";
				CODE_SIGN_IDENTITY = "-";
				CODE_SIGN_STYLE = Automatic;
				COMBINE_HIDPI_IMAGES = YES;
				CURRENT_PROJECT_VERSION = 1;
				DEAD_CODE_STRIPPING = YES;
				DEVELOPMENT_ASSET_PATHS = "\"Swift Boy/Preview Content\"";
				ENABLE_PREVIEWS = YES;
				GENERATE_INFOPLIST_FILE = YES;
				INFOPLIST_KEY_NSHumanReadableCopyright = "";
				LD_RUNPATH_SEARCH_PATHS = (
					"$(inherited)",
					"@executable_path/../Frameworks",
				);
				MARKETING_VERSION = 1.0;
				PRODUCT_BUNDLE_IDENTIFIER = "com.foobarsoft.Swift-Boy";
				PRODUCT_NAME = "$(TARGET_NAME)";
				SWIFT_EMIT_LOC_STRINGS = YES;
				SWIFT_VERSION = 5.0;
			};
			name = Release;
		};
/* End XCBuildConfiguration section */

/* Begin XCConfigurationList section */
		4C35B938293C263800D4EEA0 /* Build configuration list for PBXProject "Swift Boy" */ = {
			isa = XCConfigurationList;
			buildConfigurations = (
				4C35B94A293C263900D4EEA0 /* Debug */,
				4C35B94B293C263900D4EEA0 /* Release */,
			);
			defaultConfigurationIsVisible = 0;
			defaultConfigurationName = Release;
		};
		4C35B94C293C263900D4EEA0 /* Build configuration list for PBXNativeTarget "Swift Boy" */ = {
			isa = XCConfigurationList;
			buildConfigurations = (
				4C35B94D293C263900D4EEA0 /* Debug */,
				4C35B94E293C263900D4EEA0 /* Release */,
			);
			defaultConfigurationIsVisible = 0;
			defaultConfigurationName = Release;
		};
/* End XCConfigurationList section */
	};
	rootObject = 4C35B935293C263800D4EEA0 /* Project object */;
}
